
Microsoft Visual Studio Solution File, Format Version 12.00
# Visual Studio Version 17
VisualStudioVersion = 17.9.34902.65
MinimumVisualStudioVersion = 10.0.40219.1
Project("{FAE04EC0-301F-11D3-BF4B-00C04F79EFBC}") = "BookMVCWebsite", "BookMVCWebsite\BookMVCWebsite.csproj", "{024A246F-642B-43AA-B8DD-3B791F628FEA}"
EndProject
Global
	GlobalSection(SolutionConfigurationPlatforms) = preSolution
		Debug|Any CPU = Debug|Any CPU
		Release|Any CPU = Release|Any CPU
	EndGlobalSection
	GlobalSection(ProjectConfigurationPlatforms) = postSolution
		{024A246F-642B-43AA-B8DD-3B791F628FEA}.Debug|Any CPU.ActiveCfg = Debug|Any CPU
		{024A246F-642B-43AA-B8DD-3B791F628FEA}.Debug|Any CPU.Build.0 = Debug|Any CPU
		{024A246F-642B-43AA-B8DD-3B791F628FEA}.Release|Any CPU.ActiveCfg = Release|Any CPU
		{024A246F-642B-43AA-B8DD-3B791F628FEA}.Release|Any CPU.Build.0 = Release|Any CPU
	EndGlobalSection
	GlobalSection(SolutionProperties) = preSolution
		HideSolutionNode = FALSE
	EndGlobalSection
	GlobalSection(ExtensibilityGlobals) = postSolution
		SolutionGuid = {FA3D2097-70D7-4A35-83BD-F88B422C375C}
	EndGlobalSection
EndGlobal
